{
    "name": "parse5",
    "version": "7.2.1",
    "lockfileVersion": 1,
    "requires": true,
    "dependencies": {
        "entities": {
            "version": "4.5.0",
            "resolved": "https://repo.huaweicloud.com/repository/npm/entities/-/entities-4.5.0.tgz",
            "integrity": "sha512-V0hjH4dGPh9Ao5p0MoRY6BVqtwCjhz6vI5LT8AJ55H+4g9/4vbHx1I54fS0XuclLhDHArPQCiMjDxjaL8fPxhw=="
        },
        "typescript": {
            "version": "4.9.5",
            "resolved": "https://repo.huaweicloud.com/repository/npm/typescript/-/typescript-4.9.5.tgz",
            "integrity": "sha512-1FXk9E2Hm+QzZQ7z+McJiHL4NW1F2EzMu9Nq9i3zAaGqibafqYwCVU6WyWAuyQRRzOlxou8xZSyXLEN8oKj24g=="
        },
        "uglify-js": {
            "version": "3.17.4",
            "resolved": "https://repo.huaweicloud.com/repository/npm/uglify-js/-/uglify-js-3.17.4.tgz",
            "integrity": "sha512-T9q82TJI9e/C1TAxYvfb16xO120tMVFZrGA3f9/P4424DNu6ypK103y0GPFVa17yotwSyZW5iYXgjYHkGrJW/g=="
        }
    }
}
